{
  "name": "node-vulkan-api",
  "version": "1.0.0",
  "lockfileVersion": 2,
  "requires": true,
  "packages": {
    "": {
      "name": "node-vulkan-api",
      "version": "1.0.0",
      "hasInstallScript": true,
      "license": "MIT",
      "dependencies": {
        "@rgrove/parse-xml": "^4.0.1",
        "glfw-raub": "^4.6.2",
        "parse-xml": "^1.0.1"
      },
      "devDependencies": {
        "assemblyscript": "^0.24.0"
      }
    },
    "node_modules/@rgrove/parse-xml": {
      "version": "4.0.1",
      "resolved": "https://registry.npmjs.org/@rgrove/parse-xml/-/parse-xml-4.0.1.tgz",
      "integrity": "sha512-ZjEohvhVVzr7cvwc7UqdqWShDlh2y79N1o6wlEIDLX7cpKVrLI9zTqT8etArqumnaGrxgyAE2/11KF8cozHsrA==",
      "engines": {
        "node": ">=14.0.0"
      }
    },
    "node_modules/addon-tools-raub": {
      "version": "5.3.4",
      "resolved": "https://registry.npmjs.org/addon-tools-raub/-/addon-tools-raub-5.3.4.tgz",
      "integrity": "sha512-oSy60K+ldudeoAtEDor3lN7ja0zWvH7cVlaf26GdxLSCp6RSDeiuOAV8tRagQ4+y5xEoN7LPhuTHI30ncpHubQ==",
      "dependencies": {
        "adm-zip": "0.5.4",
        "node-addon-api": "3.1.0"
      },
      "engines": {
        "node": ">=14.16.0",
        "npm": ">=6.14.1"
      }
    },
    "node_modules/adm-zip": {
      "version": "0.5.4",
      "resolved": "https://registry.npmjs.org/adm-zip/-/adm-zip-0.5.4.tgz",
      "integrity": "sha512-GMQg1a1cAegh+/EgWbz+XHZrwB467iB/IgtToldvxs7Xa5Br8mPmvCeRfY/Un2fLzrlIPt6Yu7Cej+8Ut9TGPg==",
      "engines": {
        "node": ">=6.0"
      }
    },
    "node_modules/assemblyscript": {
      "version": "0.24.0",
      "resolved": "https://registry.npmjs.org/assemblyscript/-/assemblyscript-0.24.0.tgz",
      "integrity": "sha512-hSJg2z2nGCRdrw6KzG75oK+7TI+EFJ539PFcM6P2jY0GfwllgbmCarCm3PtkRBMMTFWUU0MWzIEVc/b5L6wIgw==",
      "dev": true,
      "dependencies": {
        "binaryen": "110.0.0-nightly.20221105",
        "long": "^5.2.0"
      },
      "bin": {
        "asc": "bin/asc.js",
        "asinit": "bin/asinit.js"
      },
      "engines": {
        "node": ">=16.0.0",
        "npm": ">=7.0.0"
      },
      "funding": {
        "type": "opencollective",
        "url": "https://opencollective.com/assemblyscript"
      }
    },
    "node_modules/binaryen": {
      "version": "110.0.0-nightly.20221105",
      "resolved": "https://registry.npmjs.org/binaryen/-/binaryen-110.0.0-nightly.20221105.tgz",
      "integrity": "sha512-OBESOc51q3SwgG8Uv8nMzGnSq7LJpSB/Fu8B3AjlZg6YtCEwRnlDWlnwNB6mdql+VdexfKmNcsrs4K7MYidmdQ==",
      "dev": true,
      "bin": {
        "wasm-opt": "bin/wasm-opt",
        "wasm2js": "bin/wasm2js"
      }
    },
    "node_modules/deps-opengl-raub": {
      "version": "4.0.0",
      "resolved": "https://registry.npmjs.org/deps-opengl-raub/-/deps-opengl-raub-4.0.0.tgz",
      "integrity": "sha512-RfVxhts8VcG/sRykNw0Du3R6vLZUwHT4wxnqWw0ih2x/tGVDsE0K9peN/JdXbrOXAg1SU3A2vJA1NJIWO0ruQA==",
      "hasInstallScript": true,
      "dependencies": {
        "addon-tools-raub": "5.3.x"
      },
      "engines": {
        "node": ">=14.16.0",
        "npm": ">=6.14.1"
      }
    },
    "node_modules/glfw-raub": {
      "version": "4.6.2",
      "resolved": "https://registry.npmjs.org/glfw-raub/-/glfw-raub-4.6.2.tgz",
      "integrity": "sha512-WvvXFWJqdOPV7N/LvD/ttfkB4Uc7+zzsDl1oEdHwgWLGxLEjlGTaQEguAw8dsRzuS0AfjjaSnDf7RmFXY0KJjw==",
      "hasInstallScript": true,
      "dependencies": {
        "addon-tools-raub": "5.3.x",
        "deps-opengl-raub": "4.0.x",
        "segfault-raub": "1.2.x"
      },
      "engines": {
        "node": ">=14.16.0",
        "npm": ">=6.14.1"
      }
    },
    "node_modules/long": {
      "version": "5.2.1",
      "resolved": "https://registry.npmjs.org/long/-/long-5.2.1.tgz",
      "integrity": "sha512-GKSNGeNAtw8IryjjkhZxuKB3JzlcLTwjtiQCHKvqQet81I93kXslhDQruGI/QsddO83mcDToBVy7GqGS/zYf/A==",
      "dev": true
    },
    "node_modules/node-addon-api": {
      "version": "3.1.0",
      "resolved": "https://registry.npmjs.org/node-addon-api/-/node-addon-api-3.1.0.tgz",
      "integrity": "sha512-flmrDNB06LIl5lywUz7YlNGZH/5p0M7W28k8hzd9Lshtdh1wshD2Y+U4h9LD6KObOy1f+fEVdgprPrEymjM5uw=="
    },
    "node_modules/parse-xml": {
      "version": "1.0.1",
      "resolved": "https://registry.npmjs.org/parse-xml/-/parse-xml-1.0.1.tgz",
      "integrity": "sha512-zqIh96CSRgOKn/GFNAGi2gvmJnmrd5qeeInq1nw753JgqMMD245yD3vBcKW6qV+BAfFgsl3uV3A40YmrmTjIHw=="
    },
    "node_modules/segfault-raub": {
      "version": "1.2.0",
      "resolved": "https://registry.npmjs.org/segfault-raub/-/segfault-raub-1.2.0.tgz",
      "integrity": "sha512-svVLBl+CdOBxrgLSSSkVIJoaF30PapQ58H8zixiOkGnLWuRiruNji/dq7jHyX3HfR52xS5FHpd1SOMAjE/L9Bw==",
      "hasInstallScript": true,
      "dependencies": {
        "addon-tools-raub": "5.3.x"
      },
      "engines": {
        "node": ">=14.16.0",
        "npm": ">=6.14.1"
      }
    }
  },
  "dependencies": {
    "@rgrove/parse-xml": {
      "version": "4.0.1",
      "resolved": "https://registry.npmjs.org/@rgrove/parse-xml/-/parse-xml-4.0.1.tgz",
      "integrity": "sha512-ZjEohvhVVzr7cvwc7UqdqWShDlh2y79N1o6wlEIDLX7cpKVrLI9zTqT8etArqumnaGrxgyAE2/11KF8cozHsrA=="
    },
    "addon-tools-raub": {
      "version": "5.3.4",
      "resolved": "https://registry.npmjs.org/addon-tools-raub/-/addon-tools-raub-5.3.4.tgz",
      "integrity": "sha512-oSy60K+ldudeoAtEDor3lN7ja0zWvH7cVlaf26GdxLSCp6RSDeiuOAV8tRagQ4+y5xEoN7LPhuTHI30ncpHubQ==",
      "requires": {
        "adm-zip": "0.5.4",
        "node-addon-api": "3.1.0"
      }
    },
    "adm-zip": {
      "version": "0.5.4",
      "resolved": "https://registry.npmjs.org/adm-zip/-/adm-zip-0.5.4.tgz",
      "integrity": "sha512-GMQg1a1cAegh+/EgWbz+XHZrwB467iB/IgtToldvxs7Xa5Br8mPmvCeRfY/Un2fLzrlIPt6Yu7Cej+8Ut9TGPg=="
    },
    "assemblyscript": {
      "version": "0.24.0",
      "resolved": "https://registry.npmjs.org/assemblyscript/-/assemblyscript-0.24.0.tgz",
      "integrity": "sha512-hSJg2z2nGCRdrw6KzG75oK+7TI+EFJ539PFcM6P2jY0GfwllgbmCarCm3PtkRBMMTFWUU0MWzIEVc/b5L6wIgw==",
      "dev": true,
      "requires": {
        "binaryen": "110.0.0-nightly.20221105",
        "long": "^5.2.0"
      }
    },
    "binaryen": {
      "version": "110.0.0-nightly.20221105",
      "resolved": "https://registry.npmjs.org/binaryen/-/binaryen-110.0.0-nightly.20221105.tgz",
      "integrity": "sha512-OBESOc51q3SwgG8Uv8nMzGnSq7LJpSB/Fu8B3AjlZg6YtCEwRnlDWlnwNB6mdql+VdexfKmNcsrs4K7MYidmdQ==",
      "dev": true
    },
    "deps-opengl-raub": {
      "version": "4.0.0",
      "resolved": "https://registry.npmjs.org/deps-opengl-raub/-/deps-opengl-raub-4.0.0.tgz",
      "integrity": "sha512-RfVxhts8VcG/sRykNw0Du3R6vLZUwHT4wxnqWw0ih2x/tGVDsE0K9peN/JdXbrOXAg1SU3A2vJA1NJIWO0ruQA==",
      "requires": {
        "addon-tools-raub": "5.3.x"
      }
    },
    "glfw-raub": {
      "version": "4.6.2",
      "resolved": "https://registry.npmjs.org/glfw-raub/-/glfw-raub-4.6.2.tgz",
      "integrity": "sha512-WvvXFWJqdOPV7N/LvD/ttfkB4Uc7+zzsDl1oEdHwgWLGxLEjlGTaQEguAw8dsRzuS0AfjjaSnDf7RmFXY0KJjw==",
      "requires": {
        "addon-tools-raub": "5.3.x",
        "deps-opengl-raub": "4.0.x",
        "segfault-raub": "1.2.x"
      }
    },
    "long": {
      "version": "5.2.1",
      "resolved": "https://registry.npmjs.org/long/-/long-5.2.1.tgz",
      "integrity": "sha512-GKSNGeNAtw8IryjjkhZxuKB3JzlcLTwjtiQCHKvqQet81I93kXslhDQruGI/QsddO83mcDToBVy7GqGS/zYf/A==",
      "dev": true
    },
    "node-addon-api": {
      "version": "3.1.0",
      "resolved": "https://registry.npmjs.org/node-addon-api/-/node-addon-api-3.1.0.tgz",
      "integrity": "sha512-flmrDNB06LIl5lywUz7YlNGZH/5p0M7W28k8hzd9Lshtdh1wshD2Y+U4h9LD6KObOy1f+fEVdgprPrEymjM5uw=="
    },
    "parse-xml": {
      "version": "1.0.1",
      "resolved": "https://registry.npmjs.org/parse-xml/-/parse-xml-1.0.1.tgz",
      "integrity": "sha512-zqIh96CSRgOKn/GFNAGi2gvmJnmrd5qeeInq1nw753JgqMMD245yD3vBcKW6qV+BAfFgsl3uV3A40YmrmTjIHw=="
    },
    "segfault-raub": {
      "version": "1.2.0",
      "resolved": "https://registry.npmjs.org/segfault-raub/-/segfault-raub-1.2.0.tgz",
      "integrity": "sha512-svVLBl+CdOBxrgLSSSkVIJoaF30PapQ58H8zixiOkGnLWuRiruNji/dq7jHyX3HfR52xS5FHpd1SOMAjE/L9Bw==",
      "requires": {
        "addon-tools-raub": "5.3.x"
      }
    }
  }
}
