{
  "name": "node-vulkan-api",
  "version": "1.0.0",
  "lockfileVersion": 2,
  "requires": true,
  "packages": {
    "": {
      "name": "node-vulkan-api",
      "version": "1.0.0",
      "hasInstallScript": true,
      "license": "MIT",
      "dependencies": {
        "@rgrove/parse-xml": "^4.0.1",
        "parse-xml": "^1.0.1"
      }
    },
    "node_modules/@rgrove/parse-xml": {
      "version": "4.0.1",
      "resolved": "https://registry.npmjs.org/@rgrove/parse-xml/-/parse-xml-4.0.1.tgz",
      "integrity": "sha512-ZjEohvhVVzr7cvwc7UqdqWShDlh2y79N1o6wlEIDLX7cpKVrLI9zTqT8etArqumnaGrxgyAE2/11KF8cozHsrA==",
      "engines": {
        "node": ">=14.0.0"
      }
    },
    "node_modules/parse-xml": {
      "version": "1.0.1",
      "resolved": "https://registry.npmjs.org/parse-xml/-/parse-xml-1.0.1.tgz",
      "integrity": "sha512-zqIh96CSRgOKn/GFNAGi2gvmJnmrd5qeeInq1nw753JgqMMD245yD3vBcKW6qV+BAfFgsl3uV3A40YmrmTjIHw=="
    }
  },
  "dependencies": {
    "@rgrove/parse-xml": {
      "version": "4.0.1",
      "resolved": "https://registry.npmjs.org/@rgrove/parse-xml/-/parse-xml-4.0.1.tgz",
      "integrity": "sha512-ZjEohvhVVzr7cvwc7UqdqWShDlh2y79N1o6wlEIDLX7cpKVrLI9zTqT8etArqumnaGrxgyAE2/11KF8cozHsrA=="
    },
    "parse-xml": {
      "version": "1.0.1",
      "resolved": "https://registry.npmjs.org/parse-xml/-/parse-xml-1.0.1.tgz",
      "integrity": "sha512-zqIh96CSRgOKn/GFNAGi2gvmJnmrd5qeeInq1nw753JgqMMD245yD3vBcKW6qV+BAfFgsl3uV3A40YmrmTjIHw=="
    }
  }
}
